
Microsoft Visual Studio Solution File, Format Version 12.00
Project("{FAE04EC0-301F-11D3-BF4B-00C04F79EFBC}") = "AssetTool", "AssetTool\AssetTool.csproj", "{78048112-1DEA-43F3-AC5F-EB537B6C6EEB}"
EndProject
Project("{FAE04EC0-301F-11D3-BF4B-00C04F79EFBC}") = "AssetTool.Desktop", "AssetTool.Desktop\AssetTool.Desktop.csproj", "{9C9F1664-7967-4C91-A237-F6F084F790B1}"
EndProject
Global
	GlobalSection(SolutionConfigurationPlatforms) = preSolution
		Debug|Any CPU = Debug|Any CPU
		Release|Any CPU = Release|Any CPU
	EndGlobalSection
	GlobalSection(ProjectConfigurationPlatforms) = postSolution
		{78048112-1DEA-43F3-AC5F-EB537B6C6EEB}.Debug|Any CPU.ActiveCfg = Debug|Any CPU
		{78048112-1DEA-43F3-AC5F-EB537B6C6EEB}.Debug|Any CPU.Build.0 = Debug|Any CPU
		{78048112-1DEA-43F3-AC5F-EB537B6C6EEB}.Release|Any CPU.ActiveCfg = Release|Any CPU
		{78048112-1DEA-43F3-AC5F-EB537B6C6EEB}.Release|Any CPU.Build.0 = Release|Any CPU
		{9C9F1664-7967-4C91-A237-F6F084F790B1}.Debug|Any CPU.ActiveCfg = Debug|Any CPU
		{9C9F1664-7967-4C91-A237-F6F084F790B1}.Debug|Any CPU.Build.0 = Debug|Any CPU
		{9C9F1664-7967-4C91-A237-F6F084F790B1}.Release|Any CPU.ActiveCfg = Release|Any CPU
		{9C9F1664-7967-4C91-A237-F6F084F790B1}.Release|Any CPU.Build.0 = Release|Any CPU
	EndGlobalSection
EndGlobal
